// !$*UTF8*$!
{
	archiveVersion = 1;
	classes = {
	};
	objectVersion = 46;
	objects = {

/* Begin PBXBuildFile section */
		C628926A1DD2A79300A2BAFB /* Assets.xcassets in Resources */ = {isa = PBXBuildFile; fileRef = C628925A1DD2A79300A2BAFB /* Assets.xcassets */; };
		C62892721DD2A79300A2BAFB /* PopUpViewController.xib in Resources */ = {isa = PBXBuildFile; fileRef = C62892661DD2A79300A2BAFB /* PopUpViewController.xib */; };
		C62892781DD2A7F900A2BAFB /* AppDelegate.m in Sources */ = {isa = PBXBuildFile; fileRef = C62892591DD2A79300A2BAFB /* AppDelegate.m */; };
		C62892791DD2A7FE00A2BAFB /* NotesTableViewController.m in Sources */ = {isa = PBXBuildFile; fileRef = C628925F1DD2A79300A2BAFB /* NotesTableViewController.m */; };
		C628927B1DD2A80300A2BAFB /* NSMutableArray+Operations.m in Sources */ = {isa = PBXBuildFile; fileRef = C62892631DD2A79300A2BAFB /* NSMutableArray+Operations.m */; };
		C628927C1DD2A80600A2BAFB /* PopUpViewController.m in Sources */ = {isa = PBXBuildFile; fileRef = C62892651DD2A79300A2BAFB /* PopUpViewController.m */; };
		C628927E1DD2A80D00A2BAFB /* main.m in Sources */ = {isa = PBXBuildFile; fileRef = C628925D1DD2A79300A2BAFB /* main.m */; };
		C6F0CAE41DD351D00070C605 /* UserDataProcessing.m in Sources */ = {isa = PBXBuildFile; fileRef = C6F0CAE31DD351D00070C605 /* UserDataProcessing.m */; };
		C6F0CAE51DD356770070C605 /* Main.storyboard in Resources */ = {isa = PBXBuildFile; fileRef = C62892751DD2A7B700A2BAFB /* Main.storyboard */; };
		C6F0CAE61DD3567A0070C605 /* LaunchScreen.storyboard in Resources */ = {isa = PBXBuildFile; fileRef = C62892741DD2A7B700A2BAFB /* LaunchScreen.storyboard */; };
		C6F0CAE71DD357970070C605 /* NoteViewController.m in Sources */ = {isa = PBXBuildFile; fileRef = C62892611DD2A79300A2BAFB /* NoteViewController.m */; };
/* End PBXBuildFile section */

/* Begin PBXFileReference section */
		C62892291DD1ED8500A2BAFB /* Notes.app */ = {isa = PBXFileReference; explicitFileType = wrapper.application; includeInIndex = 0; path = Notes.app; sourceTree = BUILT_PRODUCTS_DIR; };
		C62892581DD2A79300A2BAFB /* AppDelegate.h */ = {isa = PBXFileReference; fileEncoding = 4; lastKnownFileType = sourcecode.c.h; name = AppDelegate.h; path = Notes/AppDelegate.h; sourceTree = SOURCE_ROOT; };
		C62892591DD2A79300A2BAFB /* AppDelegate.m */ = {isa = PBXFileReference; fileEncoding = 4; lastKnownFileType = sourcecode.c.objc; name = AppDelegate.m; path = Notes/AppDelegate.m; sourceTree = SOURCE_ROOT; };
		C628925A1DD2A79300A2BAFB /* Assets.xcassets */ = {isa = PBXFileReference; lastKnownFileType = folder.assetcatalog; name = Assets.xcassets; path = Notes/Assets.xcassets; sourceTree = SOURCE_ROOT; };
		C628925D1DD2A79300A2BAFB /* main.m */ = {isa = PBXFileReference; fileEncoding = 4; lastKnownFileType = sourcecode.c.objc; name = main.m; path = Notes/main.m; sourceTree = SOURCE_ROOT; };
		C628925E1DD2A79300A2BAFB /* NotesTableViewController.h */ = {isa = PBXFileReference; fileEncoding = 4; lastKnownFileType = sourcecode.c.h; name = NotesTableViewController.h; path = Notes/NotesTableViewController.h; sourceTree = SOURCE_ROOT; };
		C628925F1DD2A79300A2BAFB /* NotesTableViewController.m */ = {isa = PBXFileReference; fileEncoding = 4; lastKnownFileType = sourcecode.c.objc; name = NotesTableViewController.m; path = Notes/NotesTableViewController.m; sourceTree = SOURCE_ROOT; };
		C62892601DD2A79300A2BAFB /* NoteViewController.h */ = {isa = PBXFileReference; fileEncoding = 4; lastKnownFileType = sourcecode.c.h; name = NoteViewController.h; path = Notes/NoteViewController.h; sourceTree = SOURCE_ROOT; };
		C62892611DD2A79300A2BAFB /* NoteViewController.m */ = {isa = PBXFileReference; fileEncoding = 4; lastKnownFileType = sourcecode.c.objc; name = NoteViewController.m; path = Notes/NoteViewController.m; sourceTree = SOURCE_ROOT; };
		C62892621DD2A79300A2BAFB /* NSMutableArray+Operations.h */ = {isa = PBXFileReference; fileEncoding = 4; lastKnownFileType = sourcecode.c.h; name = "NSMutableArray+Operations.h"; path = "Notes/NSMutableArray+Operations.h"; sourceTree = SOURCE_ROOT; };
		C62892631DD2A79300A2BAFB /* NSMutableArray+Operations.m */ = {isa = PBXFileReference; fileEncoding = 4; lastKnownFileType = sourcecode.c.objc; name = "NSMutableArray+Operations.m"; path = "Notes/NSMutableArray+Operations.m"; sourceTree = SOURCE_ROOT; };
		C62892641DD2A79300A2BAFB /* PopUpViewController.h */ = {isa = PBXFileReference; fileEncoding = 4; lastKnownFileType = sourcecode.c.h; name = PopUpViewController.h; path = Notes/PopUpViewController.h; sourceTree = SOURCE_ROOT; };
		C62892651DD2A79300A2BAFB /* PopUpViewController.m */ = {isa = PBXFileReference; fileEncoding = 4; lastKnownFileType = sourcecode.c.objc; name = PopUpViewController.m; path = Notes/PopUpViewController.m; sourceTree = SOURCE_ROOT; };
		C62892661DD2A79300A2BAFB /* PopUpViewController.xib */ = {isa = PBXFileReference; fileEncoding = 4; lastKnownFileType = file.xib; name = PopUpViewController.xib; path = Notes/PopUpViewController.xib; sourceTree = SOURCE_ROOT; };
		C62892741DD2A7B700A2BAFB /* LaunchScreen.storyboard */ = {isa = PBXFileReference; fileEncoding = 4; lastKnownFileType = file.storyboard; name = LaunchScreen.storyboard; path = Notes/Base.lproj/LaunchScreen.storyboard; sourceTree = SOURCE_ROOT; };
		C62892751DD2A7B700A2BAFB /* Main.storyboard */ = {isa = PBXFileReference; fileEncoding = 4; lastKnownFileType = file.storyboard; name = Main.storyboard; path = Notes/Base.lproj/Main.storyboard; sourceTree = SOURCE_ROOT; };
		C628927F1DD2A8FF00A2BAFB /* Info.plist */ = {isa = PBXFileReference; fileEncoding = 4; lastKnownFileType = text.plist.xml; name = Info.plist; path = Notes/Info.plist; sourceTree = SOURCE_ROOT; };
		C6F0CAE21DD351D00070C605 /* UserDataProcessing.h */ = {isa = PBXFileReference; fileEncoding = 4; lastKnownFileType = sourcecode.c.h; name = UserDataProcessing.h; path = Notes/UserDataProcessing.h; sourceTree = SOURCE_ROOT; };
		C6F0CAE31DD351D00070C605 /* UserDataProcessing.m */ = {isa = PBXFileReference; fileEncoding = 4; lastKnownFileType = sourcecode.c.objc; name = UserDataProcessing.m; path = Notes/UserDataProcessing.m; sourceTree = SOURCE_ROOT; };
/* End PBXFileReference section */

/* Begin PBXFrameworksBuildPhase section */
		C62892261DD1ED8500A2BAFB /* Frameworks */ = {
			isa = PBXFrameworksBuildPhase;
			buildActionMask = 2147483647;
			files = (
			);
			runOnlyForDeploymentPostprocessing = 0;
		};
/* End PBXFrameworksBuildPhase section */

/* Begin PBXGroup section */
		C62892201DD1ED8500A2BAFB = {
			isa = PBXGroup;
			children = (
				C628922B1DD1ED8500A2BAFB /* Notes */,
				C628922A1DD1ED8500A2BAFB /* Products */,
			);
			sourceTree = "<group>";
		};
		C628922A1DD1ED8500A2BAFB /* Products */ = {
			isa = PBXGroup;
			children = (
				C62892291DD1ED8500A2BAFB /* Notes.app */,
			);
			name = Products;
			sourceTree = "<group>";
		};
		C628922B1DD1ED8500A2BAFB /* Notes */ = {
			isa = PBXGroup;
			children = (
				C62892581DD2A79300A2BAFB /* AppDelegate.h */,
				C62892591DD2A79300A2BAFB /* AppDelegate.m */,
				C628925A1DD2A79300A2BAFB /* Assets.xcassets */,
				C628925E1DD2A79300A2BAFB /* NotesTableViewController.h */,
				C628925F1DD2A79300A2BAFB /* NotesTableViewController.m */,
				C62892601DD2A79300A2BAFB /* NoteViewController.h */,
				C62892611DD2A79300A2BAFB /* NoteViewController.m */,
				C6F0CAE21DD351D00070C605 /* UserDataProcessing.h */,
				C6F0CAE31DD351D00070C605 /* UserDataProcessing.m */,
				C62892621DD2A79300A2BAFB /* NSMutableArray+Operations.h */,
				C62892631DD2A79300A2BAFB /* NSMutableArray+Operations.m */,
				C62892641DD2A79300A2BAFB /* PopUpViewController.h */,
				C62892651DD2A79300A2BAFB /* PopUpViewController.m */,
				C62892661DD2A79300A2BAFB /* PopUpViewController.xib */,
				C62892741DD2A7B700A2BAFB /* LaunchScreen.storyboard */,
				C62892751DD2A7B700A2BAFB /* Main.storyboard */,
				C628927F1DD2A8FF00A2BAFB /* Info.plist */,
				C628922C1DD1ED8500A2BAFB /* Supporting Files */,
			);
			name = Notes;
			path = CleveroadTeskTask;
			sourceTree = "<group>";
		};
		C628922C1DD1ED8500A2BAFB /* Supporting Files */ = {
			isa = PBXGroup;
			children = (
				C628925D1DD2A79300A2BAFB /* main.m */,
			);
			name = "Supporting Files";
			sourceTree = "<group>";
		};
/* End PBXGroup section */

/* Begin PBXNativeTarget section */
		C62892281DD1ED8500A2BAFB /* Notes */ = {
			isa = PBXNativeTarget;
			buildConfigurationList = C62892401DD1ED8500A2BAFB /* Build configuration list for PBXNativeTarget "Notes" */;
			buildPhases = (
				C62892251DD1ED8500A2BAFB /* Sources */,
				C62892261DD1ED8500A2BAFB /* Frameworks */,
				C62892271DD1ED8500A2BAFB /* Resources */,
			);
			buildRules = (
			);
			dependencies = (
			);
			name = Notes;
			productName = CleveroadTeskTask;
			productReference = C62892291DD1ED8500A2BAFB /* Notes.app */;
			productType = "com.apple.product-type.application";
		};
/* End PBXNativeTarget section */

/* Begin PBXProject section */
		C62892211DD1ED8500A2BAFB /* Project object */ = {
			isa = PBXProject;
			attributes = {
				LastUpgradeCheck = 0810;
				ORGANIZATIONNAME = "Nikita Taranov";
				TargetAttributes = {
					C62892281DD1ED8500A2BAFB = {
						CreatedOnToolsVersion = 8.1;
						DevelopmentTeam = B443JKWG7Y;
						ProvisioningStyle = Automatic;
					};
				};
			};
			buildConfigurationList = C62892241DD1ED8500A2BAFB /* Build configuration list for PBXProject "Notes" */;
			compatibilityVersion = "Xcode 3.2";
			developmentRegion = English;
			hasScannedForEncodings = 0;
			knownRegions = (
				en,
				Base,
			);
			mainGroup = C62892201DD1ED8500A2BAFB;
			productRefGroup = C628922A1DD1ED8500A2BAFB /* Products */;
			projectDirPath = "";
			projectRoot = "";
			targets = (
				C62892281DD1ED8500A2BAFB /* Notes */,
			);
		};
/* End PBXProject section */

/* Begin PBXResourcesBuildPhase section */
		C62892271DD1ED8500A2BAFB /* Resources */ = {
			isa = PBXResourcesBuildPhase;
			buildActionMask = 2147483647;
			files = (
				C6F0CAE61DD3567A0070C605 /* LaunchScreen.storyboard in Resources */,
				C6F0CAE51DD356770070C605 /* Main.storyboard in Resources */,
				C628926A1DD2A79300A2BAFB /* Assets.xcassets in Resources */,
				C62892721DD2A79300A2BAFB /* PopUpViewController.xib in Resources */,
			);
			runOnlyForDeploymentPostprocessing = 0;
		};
/* End PBXResourcesBuildPhase section */

/* Begin PBXSourcesBuildPhase section */
		C62892251DD1ED8500A2BAFB /* Sources */ = {
			isa = PBXSourcesBuildPhase;
			buildActionMask = 2147483647;
			files = (
				C6F0CAE71DD357970070C605 /* NoteViewController.m in Sources */,
				C628927E1DD2A80D00A2BAFB /* main.m in Sources */,
				C628927C1DD2A80600A2BAFB /* PopUpViewController.m in Sources */,
				C628927B1DD2A80300A2BAFB /* NSMutableArray+Operations.m in Sources */,
				C6F0CAE41DD351D00070C605 /* UserDataProcessing.m in Sources */,
				C62892791DD2A7FE00A2BAFB /* NotesTableViewController.m in Sources */,
				C62892781DD2A7F900A2BAFB /* AppDelegate.m in Sources */,
			);
			runOnlyForDeploymentPostprocessing = 0;
		};
/* End PBXSourcesBuildPhase section */

/* Begin XCBuildConfiguration section */
		C628923E1DD1ED8500A2BAFB /* Debug */ = {
			isa = XCBuildConfiguration;
			buildSettings = {
				ALWAYS_SEARCH_USER_PATHS = NO;
				CLANG_ANALYZER_NONNULL = YES;
				CLANG_CXX_LANGUAGE_STANDARD = "gnu++0x";
				CLANG_CXX_LIBRARY = "libc++";
				CLANG_ENABLE_MODULES = YES;
				CLANG_ENABLE_OBJC_ARC = YES;
				CLANG_WARN_BOOL_CONVERSION = YES;
				CLANG_WARN_CONSTANT_CONVERSION = YES;
				CLANG_WARN_DIRECT_OBJC_ISA_USAGE = YES_ERROR;
				CLANG_WARN_DOCUMENTATION_COMMENTS = YES;
				CLANG_WARN_EMPTY_BODY = YES;
				CLANG_WARN_ENUM_CONVERSION = YES;
				CLANG_WARN_INFINITE_RECURSION = YES;
				CLANG_WARN_INT_CONVERSION = YES;
				CLANG_WARN_OBJC_ROOT_CLASS = YES_ERROR;
				CLANG_WARN_SUSPICIOUS_MOVES = YES;
				CLANG_WARN_UNREACHABLE_CODE = YES;
				CLANG_WARN__DUPLICATE_METHOD_MATCH = YES;
				"CODE_SIGN_IDENTITY[sdk=iphoneos*]" = "iPhone Developer";
				COPY_PHASE_STRIP = NO;
				DEBUG_INFORMATION_FORMAT = dwarf;
				ENABLE_STRICT_OBJC_MSGSEND = YES;
				ENABLE_TESTABILITY = YES;
				GCC_C_LANGUAGE_STANDARD = gnu99;
				GCC_DYNAMIC_NO_PIC = NO;
				GCC_NO_COMMON_BLOCKS = YES;
				GCC_OPTIMIZATION_LEVEL = 0;
				GCC_PREPROCESSOR_DEFINITIONS = (
					"DEBUG=1",
					"$(inherited)",
				);
				GCC_WARN_64_TO_32_BIT_CONVERSION = YES;
				GCC_WARN_ABOUT_RETURN_TYPE = YES_ERROR;
				GCC_WARN_UNDECLARED_SELECTOR = YES;
				GCC_WARN_UNINITIALIZED_AUTOS = YES_AGGRESSIVE;
				GCC_WARN_UNUSED_FUNCTION = YES;
				GCC_WARN_UNUSED_VARIABLE = YES;
				IPHONEOS_DEPLOYMENT_TARGET = 10.1;
				MTL_ENABLE_DEBUG_INFO = YES;
				ONLY_ACTIVE_ARCH = YES;
				SDKROOT = iphoneos;
			};
			name = Debug;
		};
		C628923F1DD1ED8500A2BAFB /* Release */ = {
			isa = XCBuildConfiguration;
			buildSettings = {
				ALWAYS_SEARCH_USER_PATHS = NO;
				CLANG_ANALYZER_NONNULL = YES;
				CLANG_CXX_LANGUAGE_STANDARD = "gnu++0x";
				CLANG_CXX_LIBRARY = "libc++";
				CLANG_ENABLE_MODULES = YES;
				CLANG_ENABLE_OBJC_ARC = YES;
				CLANG_WARN_BOOL_CONVERSION = YES;
				CLANG_WARN_CONSTANT_CONVERSION = YES;
				CLANG_WARN_DIRECT_OBJC_ISA_USAGE = YES_ERROR;
				CLANG_WARN_DOCUMENTATION_COMMENTS = YES;
				CLANG_WARN_EMPTY_BODY = YES;
				CLANG_WARN_ENUM_CONVERSION = YES;
				CLANG_WARN_INFINITE_RECURSION = YES;
				CLANG_WARN_INT_CONVERSION = YES;
				CLANG_WARN_OBJC_ROOT_CLASS = YES_ERROR;
				CLANG_WARN_SUSPICIOUS_MOVES = YES;
				CLANG_WARN_UNREACHABLE_CODE = YES;
				CLANG_WARN__DUPLICATE_METHOD_MATCH = YES;
				"CODE_SIGN_IDENTITY[sdk=iphoneos*]" = "iPhone Developer";
				COPY_PHASE_STRIP = NO;
				DEBUG_INFORMATION_FORMAT = "dwarf-with-dsym";
				ENABLE_NS_ASSERTIONS = NO;
				ENABLE_STRICT_OBJC_MSGSEND = YES;
				GCC_C_LANGUAGE_STANDARD = gnu99;
				GCC_NO_COMMON_BLOCKS = YES;
				GCC_WARN_64_TO_32_BIT_CONVERSION = YES;
				GCC_WARN_ABOUT_RETURN_TYPE = YES_ERROR;
				GCC_WARN_UNDECLARED_SELECTOR = YES;
				GCC_WARN_UNINITIALIZED_AUTOS = YES_AGGRESSIVE;
				GCC_WARN_UNUSED_FUNCTION = YES;
				GCC_WARN_UNUSED_VARIABLE = YES;
				IPHONEOS_DEPLOYMENT_TARGET = 10.1;
				MTL_ENABLE_DEBUG_INFO = NO;
				SDKROOT = iphoneos;
				VALIDATE_PRODUCT = YES;
			};
			name = Release;
		};
		C62892411DD1ED8500A2BAFB /* Debug */ = {
			isa = XCBuildConfiguration;
			buildSettings = {
				ASSETCATALOG_COMPILER_APPICON_NAME = AppIcon;
				DEVELOPMENT_TEAM = B443JKWG7Y;
				INFOPLIST_FILE = "$(SRCROOT)/Notes/Info.plist";
				LD_RUNPATH_SEARCH_PATHS = "$(inherited) @executable_path/Frameworks";
				PRODUCT_BUNDLE_IDENTIFIER = NT.Notes;
				PRODUCT_NAME = "$(TARGET_NAME)";
			};
			name = Debug;
		};
		C62892421DD1ED8500A2BAFB /* Release */ = {
			isa = XCBuildConfiguration;
			buildSettings = {
				ASSETCATALOG_COMPILER_APPICON_NAME = AppIcon;
				DEVELOPMENT_TEAM = B443JKWG7Y;
				INFOPLIST_FILE = "$(SRCROOT)/Notes/Info.plist";
				LD_RUNPATH_SEARCH_PATHS = "$(inherited) @executable_path/Frameworks";
				PRODUCT_BUNDLE_IDENTIFIER = NT.Notes;
				PRODUCT_NAME = "$(TARGET_NAME)";
			};
			name = Release;
		};
/* End XCBuildConfiguration section */

/* Begin XCConfigurationList section */
		C62892241DD1ED8500A2BAFB /* Build configuration list for PBXProject "Notes" */ = {
			isa = XCConfigurationList;
			buildConfigurations = (
				C628923E1DD1ED8500A2BAFB /* Debug */,
				C628923F1DD1ED8500A2BAFB /* Release */,
			);
			defaultConfigurationIsVisible = 0;
			defaultConfigurationName = Release;
		};
		C62892401DD1ED8500A2BAFB /* Build configuration list for PBXNativeTarget "Notes" */ = {
			isa = XCConfigurationList;
			buildConfigurations = (
				C62892411DD1ED8500A2BAFB /* Debug */,
				C62892421DD1ED8500A2BAFB /* Release */,
			);
			defaultConfigurationIsVisible = 0;
			defaultConfigurationName = Release;
		};
/* End XCConfigurationList section */
	};
	rootObject = C62892211DD1ED8500A2BAFB /* Project object */;
}
